
Microsoft Visual Studio Solution File, Format Version 12.00
# Visual Studio Version 17
VisualStudioVersion = 17.1.32407.343
MinimumVisualStudioVersion = 10.0.40219.1
Project("{FAE04EC0-301F-11D3-BF4B-00C04F79EFBC}") = "NatIlya1409HW", "NatIlya1409HW.csproj", "{01DE1CEA-07ED-466F-8819-9D72638A36BC}"
EndProject
Global
	GlobalSection(SolutionConfigurationPlatforms) = preSolution
		Debug|Any CPU = Debug|Any CPU
		Release|Any CPU = Release|Any CPU
	EndGlobalSection
	GlobalSection(ProjectConfigurationPlatforms) = postSolution
		{01DE1CEA-07ED-466F-8819-9D72638A36BC}.Debug|Any CPU.ActiveCfg = Debug|Any CPU
		{01DE1CEA-07ED-466F-8819-9D72638A36BC}.Debug|Any CPU.Build.0 = Debug|Any CPU
		{01DE1CEA-07ED-466F-8819-9D72638A36BC}.Release|Any CPU.ActiveCfg = Release|Any CPU
		{01DE1CEA-07ED-466F-8819-9D72638A36BC}.Release|Any CPU.Build.0 = Release|Any CPU
	EndGlobalSection
	GlobalSection(SolutionProperties) = preSolution
		HideSolutionNode = FALSE
	EndGlobalSection
	GlobalSection(ExtensibilityGlobals) = postSolution
		SolutionGuid = {D0F35064-E9AA-4B43-8E4D-7A691D302A21}
	EndGlobalSection
EndGlobal
